
Microsoft Visual Studio Solution File, Format Version 12.00
# Visual Studio Version 17
VisualStudioVersion = 17.14.36414.22
MinimumVisualStudioVersion = 10.0.40219.1
Project("{54A90642-561A-4BB1-A94E-469ADEE60C69}") = "drydrydessert.client", "drydrydessert.client\drydrydessert.client.esproj", "{45847E43-CD6F-5A5A-0DD3-01315EB4D78D}"
EndProject
Project("{FAE04EC0-301F-11D3-BF4B-00C04F79EFBC}") = "DryDryDessert.Server", "DryDryDessert.Server\DryDryDessert.Server.csproj", "{ADEF394B-A8C2-42B8-4451-FCF229F0A0D9}"
EndProject
Project("{FAE04EC0-301F-11D3-BF4B-00C04F79EFBC}") = "DryDryDessert.AppHost", "DryDryDessert.AppHost\DryDryDessert.AppHost.csproj", "{D8360556-7714-4100-AFFA-DA655E9918BC}"
EndProject
Project("{FAE04EC0-301F-11D3-BF4B-00C04F79EFBC}") = "DryDryDessert.ServiceDefaults", "DryDryDessert.ServiceDefaults\DryDryDessert.ServiceDefaults.csproj", "{A119E17A-42D8-4BD1-F150-9929D29C35C5}"
EndProject
Project("{FAE04EC0-301F-11D3-BF4B-00C04F79EFBC}") = "DryDryDessert.ProductInformationManagement", "DryDryDessert.ProductInformationManagement\DryDryDessert.ProductInformationManagement.csproj", "{A0B75BD2-4967-7DB9-DB07-D4D45DAE6C9B}"
EndProject
Project("{2150E333-8FDC-42A3-9474-1A3956D46DE8}") = "Solution Items", "Solution Items", "{8EC462FD-D22E-90A8-E5CE-7E832BA40C5D}"
	ProjectSection(SolutionItems) = preProject
		.editorconfig = .editorconfig
		.gitignore = .gitignore
		README.md = README.md
	EndProjectSection
EndProject
Project("{54A90642-561A-4BB1-A94E-469ADEE60C69}") = "DryDryDessert.EndToEndTest", "DryDryDessert.EndToEndTest\DryDryDessert.EndToEndTest.esproj", "{9F8165ED-65D0-CA3F-EE72-075572873912}"
EndProject
Project("{FAE04EC0-301F-11D3-BF4B-00C04F79EFBC}") = "DryDryDessert.FakeProducts", "DryDryDessert.FakeProducts\DryDryDessert.FakeProducts.csproj", "{B7D112C0-0B20-4327-9144-4294793030AA}"
EndProject
Global
	GlobalSection(SolutionConfigurationPlatforms) = preSolution
		Debug|Any CPU = Debug|Any CPU
		Release|Any CPU = Release|Any CPU
	EndGlobalSection
	GlobalSection(ProjectConfigurationPlatforms) = postSolution
		{45847E43-CD6F-5A5A-0DD3-01315EB4D78D}.Debug|Any CPU.ActiveCfg = Debug|Any CPU
		{45847E43-CD6F-5A5A-0DD3-01315EB4D78D}.Debug|Any CPU.Build.0 = Debug|Any CPU
		{45847E43-CD6F-5A5A-0DD3-01315EB4D78D}.Release|Any CPU.ActiveCfg = Release|Any CPU
		{45847E43-CD6F-5A5A-0DD3-01315EB4D78D}.Release|Any CPU.Build.0 = Release|Any CPU
		{ADEF394B-A8C2-42B8-4451-FCF229F0A0D9}.Debug|Any CPU.ActiveCfg = Debug|Any CPU
		{ADEF394B-A8C2-42B8-4451-FCF229F0A0D9}.Debug|Any CPU.Build.0 = Debug|Any CPU
		{ADEF394B-A8C2-42B8-4451-FCF229F0A0D9}.Release|Any CPU.ActiveCfg = Release|Any CPU
		{ADEF394B-A8C2-42B8-4451-FCF229F0A0D9}.Release|Any CPU.Build.0 = Release|Any CPU
		{D8360556-7714-4100-AFFA-DA655E9918BC}.Debug|Any CPU.ActiveCfg = Debug|Any CPU
		{D8360556-7714-4100-AFFA-DA655E9918BC}.Debug|Any CPU.Build.0 = Debug|Any CPU
		{D8360556-7714-4100-AFFA-DA655E9918BC}.Release|Any CPU.ActiveCfg = Release|Any CPU
		{D8360556-7714-4100-AFFA-DA655E9918BC}.Release|Any CPU.Build.0 = Release|Any CPU
		{A119E17A-42D8-4BD1-F150-9929D29C35C5}.Debug|Any CPU.ActiveCfg = Debug|Any CPU
		{A119E17A-42D8-4BD1-F150-9929D29C35C5}.Debug|Any CPU.Build.0 = Debug|Any CPU
		{A119E17A-42D8-4BD1-F150-9929D29C35C5}.Release|Any CPU.ActiveCfg = Release|Any CPU
		{A119E17A-42D8-4BD1-F150-9929D29C35C5}.Release|Any CPU.Build.0 = Release|Any CPU
		{A0B75BD2-4967-7DB9-DB07-D4D45DAE6C9B}.Debug|Any CPU.ActiveCfg = Debug|Any CPU
		{A0B75BD2-4967-7DB9-DB07-D4D45DAE6C9B}.Debug|Any CPU.Build.0 = Debug|Any CPU
		{A0B75BD2-4967-7DB9-DB07-D4D45DAE6C9B}.Release|Any CPU.ActiveCfg = Release|Any CPU
		{A0B75BD2-4967-7DB9-DB07-D4D45DAE6C9B}.Release|Any CPU.Build.0 = Release|Any CPU
		{9F8165ED-65D0-CA3F-EE72-075572873912}.Debug|Any CPU.ActiveCfg = Debug|Any CPU
		{9F8165ED-65D0-CA3F-EE72-075572873912}.Debug|Any CPU.Build.0 = Debug|Any CPU
		{9F8165ED-65D0-CA3F-EE72-075572873912}.Debug|Any CPU.Deploy.0 = Debug|Any CPU
		{9F8165ED-65D0-CA3F-EE72-075572873912}.Release|Any CPU.ActiveCfg = Release|Any CPU
		{9F8165ED-65D0-CA3F-EE72-075572873912}.Release|Any CPU.Build.0 = Release|Any CPU
		{9F8165ED-65D0-CA3F-EE72-075572873912}.Release|Any CPU.Deploy.0 = Release|Any CPU
		{B7D112C0-0B20-4327-9144-4294793030AA}.Debug|Any CPU.ActiveCfg = Debug|Any CPU
		{B7D112C0-0B20-4327-9144-4294793030AA}.Debug|Any CPU.Build.0 = Debug|Any CPU
		{B7D112C0-0B20-4327-9144-4294793030AA}.Release|Any CPU.ActiveCfg = Release|Any CPU
		{B7D112C0-0B20-4327-9144-4294793030AA}.Release|Any CPU.Build.0 = Release|Any CPU
	EndGlobalSection
	GlobalSection(SolutionProperties) = preSolution
		HideSolutionNode = FALSE
	EndGlobalSection
	GlobalSection(ExtensibilityGlobals) = postSolution
		SolutionGuid = {061FF6FB-D47E-4404-8286-1A7BD8872B84}
	EndGlobalSection
EndGlobal
